
Microsoft Visual Studio Solution File, Format Version 12.00
# Visual Studio Version 17
VisualStudioVersion = 17.7.34202.233
MinimumVisualStudioVersion = 10.0.40219.1
Project("{FAE04EC0-301F-11D3-BF4B-00C04F79EFBC}") = "TesisAdvocorp", "TesisAdvocorp.csproj", "{FD1445A8-9B49-4FCA-932D-525D91E0E633}"
EndProject
Global
	GlobalSection(SolutionConfigurationPlatforms) = preSolution
		Debug|Any CPU = Debug|Any CPU
		Release|Any CPU = Release|Any CPU
	EndGlobalSection
	GlobalSection(ProjectConfigurationPlatforms) = postSolution
		{FD1445A8-9B49-4FCA-932D-525D91E0E633}.Debug|Any CPU.ActiveCfg = Debug|Any CPU
		{FD1445A8-9B49-4FCA-932D-525D91E0E633}.Debug|Any CPU.Build.0 = Debug|Any CPU
		{FD1445A8-9B49-4FCA-932D-525D91E0E633}.Release|Any CPU.ActiveCfg = Release|Any CPU
		{FD1445A8-9B49-4FCA-932D-525D91E0E633}.Release|Any CPU.Build.0 = Release|Any CPU
	EndGlobalSection
	GlobalSection(SolutionProperties) = preSolution
		HideSolutionNode = FALSE
	EndGlobalSection
	GlobalSection(ExtensibilityGlobals) = postSolution
		SolutionGuid = {A504E50E-D95D-4B4B-AC59-4F5C7E7EAFE1}
	EndGlobalSection
EndGlobal
